
Microsoft Visual Studio Solution File, Format Version 12.00
# Visual Studio Version 18
VisualStudioVersion = 18.3.11520.95
MinimumVisualStudioVersion = 10.0.40219.1
Project("{FAE04EC0-301F-11D3-BF4B-00C04F79EFBC}") = "UnrealBinaryBuilder.Avalonia", "UnrealBinaryBuilder.Avalonia\UnrealBinaryBuilder.Avalonia.csproj", "{6BA87A0E-398A-E031-E159-6A81A4E1ABF5}"
EndProject
Project("{FAE04EC0-301F-11D3-BF4B-00C04F79EFBC}") = "UnrealBinaryBuilder.Tests", "UnrealBinaryBuilder.Tests\UnrealBinaryBuilder.Tests.csproj", "{AD3AB02B-7023-457E-BA70-83DF588A23A7}"
EndProject
Global
	GlobalSection(SolutionConfigurationPlatforms) = preSolution
		Debug|Any CPU = Debug|Any CPU
		Debug|x64 = Debug|x64
		Debug|x86 = Debug|x86
		Release|Any CPU = Release|Any CPU
		Release|x64 = Release|x64
		Release|x86 = Release|x86
	EndGlobalSection
	GlobalSection(ProjectConfigurationPlatforms) = postSolution
		{6BA87A0E-398A-E031-E159-6A81A4E1ABF5}.Debug|Any CPU.ActiveCfg = Debug|Any CPU
		{6BA87A0E-398A-E031-E159-6A81A4E1ABF5}.Debug|Any CPU.Build.0 = Debug|Any CPU
		{6BA87A0E-398A-E031-E159-6A81A4E1ABF5}.Debug|x64.ActiveCfg = Debug|Any CPU
		{6BA87A0E-398A-E031-E159-6A81A4E1ABF5}.Debug|x64.Build.0 = Debug|Any CPU
		{6BA87A0E-398A-E031-E159-6A81A4E1ABF5}.Debug|x86.ActiveCfg = Debug|Any CPU
		{6BA87A0E-398A-E031-E159-6A81A4E1ABF5}.Debug|x86.Build.0 = Debug|Any CPU
		{6BA87A0E-398A-E031-E159-6A81A4E1ABF5}.Release|Any CPU.ActiveCfg = Release|Any CPU
		{6BA87A0E-398A-E031-E159-6A81A4E1ABF5}.Release|Any CPU.Build.0 = Release|Any CPU
		{6BA87A0E-398A-E031-E159-6A81A4E1ABF5}.Release|x64.ActiveCfg = Release|Any CPU
		{6BA87A0E-398A-E031-E159-6A81A4E1ABF5}.Release|x64.Build.0 = Release|Any CPU
		{6BA87A0E-398A-E031-E159-6A81A4E1ABF5}.Release|x86.ActiveCfg = Release|Any CPU
		{6BA87A0E-398A-E031-E159-6A81A4E1ABF5}.Release|x86.Build.0 = Release|Any CPU
		{AD3AB02B-7023-457E-BA70-83DF588A23A7}.Debug|Any CPU.ActiveCfg = Debug|Any CPU
		{AD3AB02B-7023-457E-BA70-83DF588A23A7}.Debug|Any CPU.Build.0 = Debug|Any CPU
		{AD3AB02B-7023-457E-BA70-83DF588A23A7}.Debug|x64.ActiveCfg = Debug|Any CPU
		{AD3AB02B-7023-457E-BA70-83DF588A23A7}.Debug|x64.Build.0 = Debug|Any CPU
		{AD3AB02B-7023-457E-BA70-83DF588A23A7}.Debug|x86.ActiveCfg = Debug|Any CPU
		{AD3AB02B-7023-457E-BA70-83DF588A23A7}.Debug|x86.Build.0 = Debug|Any CPU
		{AD3AB02B-7023-457E-BA70-83DF588A23A7}.Release|Any CPU.ActiveCfg = Release|Any CPU
		{AD3AB02B-7023-457E-BA70-83DF588A23A7}.Release|Any CPU.Build.0 = Release|Any CPU
		{AD3AB02B-7023-457E-BA70-83DF588A23A7}.Release|x64.ActiveCfg = Release|Any CPU
		{AD3AB02B-7023-457E-BA70-83DF588A23A7}.Release|x64.Build.0 = Release|Any CPU
		{AD3AB02B-7023-457E-BA70-83DF588A23A7}.Release|x86.ActiveCfg = Release|Any CPU
		{AD3AB02B-7023-457E-BA70-83DF588A23A7}.Release|x86.Build.0 = Release|Any CPU
	EndGlobalSection
	GlobalSection(SolutionProperties) = preSolution
		HideSolutionNode = FALSE
	EndGlobalSection
	GlobalSection(ExtensibilityGlobals) = postSolution
		SolutionGuid = {32EB3FA9-CFBF-4FDC-B971-ADB71C2152FC}
	EndGlobalSection
EndGlobal
