
Microsoft Visual Studio Solution File, Format Version 12.00
# Visual Studio Version 18
VisualStudioVersion = 18.3.11520.95 d18.3
MinimumVisualStudioVersion = 10.0.40219.1
Project("{9A19103F-16F7-4668-BE54-9A1E7A4F7556}") = "UnrealBinaryBuilder", "UnrealBinaryBuilder\UnrealBinaryBuilder.csproj", "{C24EF65C-2110-430F-A587-02324C761DA2}"
EndProject
Project("{9A19103F-16F7-4668-BE54-9A1E7A4F7556}") = "UnrealBinaryBuilderUpdater", "UnrealBinaryBuilderUpdater\UnrealBinaryBuilderUpdater.csproj", "{AB93DC86-D5D9-4C35-AAE4-78997B084053}"
EndProject
Project("{FAE04EC0-301F-11D3-BF4B-00C04F79EFBC}") = "UnrealBinaryBuilder.Avalonia", "UnrealBinaryBuilder.Avalonia\UnrealBinaryBuilder.Avalonia.csproj", "{6BA87A0E-398A-E031-E159-6A81A4E1ABF5}"
EndProject
Global
	GlobalSection(SolutionConfigurationPlatforms) = preSolution
		Debug|Any CPU = Debug|Any CPU
		Release|Any CPU = Release|Any CPU
	EndGlobalSection
	GlobalSection(ProjectConfigurationPlatforms) = postSolution
		{C24EF65C-2110-430F-A587-02324C761DA2}.Debug|Any CPU.ActiveCfg = Debug|Any CPU
		{C24EF65C-2110-430F-A587-02324C761DA2}.Debug|Any CPU.Build.0 = Debug|Any CPU
		{C24EF65C-2110-430F-A587-02324C761DA2}.Release|Any CPU.ActiveCfg = Release|Any CPU
		{C24EF65C-2110-430F-A587-02324C761DA2}.Release|Any CPU.Build.0 = Release|Any CPU
		{AB93DC86-D5D9-4C35-AAE4-78997B084053}.Debug|Any CPU.ActiveCfg = Debug|Any CPU
		{AB93DC86-D5D9-4C35-AAE4-78997B084053}.Debug|Any CPU.Build.0 = Debug|Any CPU
		{AB93DC86-D5D9-4C35-AAE4-78997B084053}.Release|Any CPU.ActiveCfg = Release|Any CPU
		{AB93DC86-D5D9-4C35-AAE4-78997B084053}.Release|Any CPU.Build.0 = Release|Any CPU
		{6BA87A0E-398A-E031-E159-6A81A4E1ABF5}.Debug|Any CPU.ActiveCfg = Debug|Any CPU
		{6BA87A0E-398A-E031-E159-6A81A4E1ABF5}.Debug|Any CPU.Build.0 = Debug|Any CPU
		{6BA87A0E-398A-E031-E159-6A81A4E1ABF5}.Release|Any CPU.ActiveCfg = Release|Any CPU
		{6BA87A0E-398A-E031-E159-6A81A4E1ABF5}.Release|Any CPU.Build.0 = Release|Any CPU
	EndGlobalSection
	GlobalSection(SolutionProperties) = preSolution
		HideSolutionNode = FALSE
	EndGlobalSection
	GlobalSection(ExtensibilityGlobals) = postSolution
		SolutionGuid = {32EB3FA9-CFBF-4FDC-B971-ADB71C2152FC}
	EndGlobalSection
EndGlobal
